{
  "name": "boiler",
  "version": "1.0.0",
  "lockfileVersion": 1,
  "requires": true,
  "dependencies": {
    "@profiscience/knockout-contrib": {
      "version": "1.0.0",
      "resolved": "https://registry.npmjs.org/@profiscience/knockout-contrib/-/knockout-contrib-1.0.0.tgz",
      "integrity": "sha1-yHaokCmTR8q1X+JgPGOheyr49sw=",
      "requires": {
        "@profiscience/knockout-contrib-bindings-click-alt": "1.0.1",
        "@profiscience/knockout-contrib-bindings-click-ctrl": "1.0.1",
        "@profiscience/knockout-contrib-bindings-click-meta": "1.0.1",
        "@profiscience/knockout-contrib-bindings-click-shift": "1.0.1",
        "@profiscience/knockout-contrib-bindings-jquery": "1.0.2",
        "@profiscience/knockout-contrib-bindings-toggle": "1.0.1",
        "@profiscience/knockout-contrib-filters-date-format": "1.0.0",
        "@profiscience/knockout-contrib-router": "1.3.0",
        "@profiscience/knockout-contrib-utils-assign": "1.0.1",
        "@profiscience/knockout-contrib-utils-defaults": "1.0.1",
        "@profiscience/knockout-contrib-utils-from-js": "1.0.1",
        "@profiscience/knockout-contrib-utils-increment": "1.0.1",
        "@profiscience/knockout-contrib-utils-modify": "1.0.1",
        "@profiscience/knockout-contrib-utils-once": "1.0.1",
        "@profiscience/knockout-contrib-utils-toggle": "1.0.1"
      }
    },
    "@profiscience/knockout-contrib-bindings-click-alt": {
      "version": "1.0.1",
      "resolved": "https://registry.npmjs.org/@profiscience/knockout-contrib-bindings-click-alt/-/knockout-contrib-bindings-click-alt-1.0.1.tgz",
      "integrity": "sha1-GKiiABkSGz//O+gee3dSQu/Sufw="
    },
    "@profiscience/knockout-contrib-bindings-click-ctrl": {
      "version": "1.0.1",
      "resolved": "https://registry.npmjs.org/@profiscience/knockout-contrib-bindings-click-ctrl/-/knockout-contrib-bindings-click-ctrl-1.0.1.tgz",
      "integrity": "sha1-ZHULQSapqbfI/WK6j5FvcZ1gN3U="
    },
    "@profiscience/knockout-contrib-bindings-click-meta": {
      "version": "1.0.1",
      "resolved": "https://registry.npmjs.org/@profiscience/knockout-contrib-bindings-click-meta/-/knockout-contrib-bindings-click-meta-1.0.1.tgz",
      "integrity": "sha1-tgLKo+nzxmvAftmBreAQ0qxpuK4="
    },
    "@profiscience/knockout-contrib-bindings-click-shift": {
      "version": "1.0.1",
      "resolved": "https://registry.npmjs.org/@profiscience/knockout-contrib-bindings-click-shift/-/knockout-contrib-bindings-click-shift-1.0.1.tgz",
      "integrity": "sha1-vyx337hkho4oNL46MS8ZzXxcQAk="
    },
    "@profiscience/knockout-contrib-bindings-jquery": {
      "version": "1.0.2",
      "resolved": "https://registry.npmjs.org/@profiscience/knockout-contrib-bindings-jquery/-/knockout-contrib-bindings-jquery-1.0.2.tgz",
      "integrity": "sha1-iW5rgP6+0Z3J6o5bsWRSPygHZy8="
    },
    "@profiscience/knockout-contrib-bindings-toggle": {
      "version": "1.0.1",
      "resolved": "https://registry.npmjs.org/@profiscience/knockout-contrib-bindings-toggle/-/knockout-contrib-bindings-toggle-1.0.1.tgz",
      "integrity": "sha1-llm4TesdhfIZEMwfAD41hF5sxk8="
    },
    "@profiscience/knockout-contrib-filters-date-format": {
      "version": "1.0.0",
      "resolved": "https://registry.npmjs.org/@profiscience/knockout-contrib-filters-date-format/-/knockout-contrib-filters-date-format-1.0.0.tgz",
      "integrity": "sha1-j/A6oEZTRg/MruO+rg+WTX4fkiM=",
      "requires": {
        "date-fns": "2.0.0-alpha.16"
      }
    },
    "@profiscience/knockout-contrib-router": {
      "version": "1.3.0",
      "resolved": "https://registry.npmjs.org/@profiscience/knockout-contrib-router/-/knockout-contrib-router-1.3.0.tgz",
      "integrity": "sha1-ZM1B7HutddaenrzeiZ7Okiw5nNU=",
      "requires": {
        "core-js": "2.5.7",
        "path-to-regexp": "2.4.0",
        "tslib": "1.9.3"
      }
    },
    "@profiscience/knockout-contrib-utils-assign": {
      "version": "1.0.1",
      "resolved": "https://registry.npmjs.org/@profiscience/knockout-contrib-utils-assign/-/knockout-contrib-utils-assign-1.0.1.tgz",
      "integrity": "sha1-TUPkWFAsZosvfu9OXY6L6fVJFrE=",
      "requires": {
        "@profiscience/knockout-contrib-utils-from-js": "1.0.1"
      }
    },
    "@profiscience/knockout-contrib-utils-defaults": {
      "version": "1.0.1",
      "resolved": "https://registry.npmjs.org/@profiscience/knockout-contrib-utils-defaults/-/knockout-contrib-utils-defaults-1.0.1.tgz",
      "integrity": "sha1-8nIx7RoJNLg6wDQdkkfTV0YnkJM=",
      "requires": {
        "@profiscience/knockout-contrib-utils-from-js": "1.0.1"
      }
    },
    "@profiscience/knockout-contrib-utils-from-js": {
      "version": "1.0.1",
      "resolved": "https://registry.npmjs.org/@profiscience/knockout-contrib-utils-from-js/-/knockout-contrib-utils-from-js-1.0.1.tgz",
      "integrity": "sha1-tHazFx8S9JY7g8tgCq/7mlteiJA="
    },
    "@profiscience/knockout-contrib-utils-increment": {
      "version": "1.0.1",
      "resolved": "https://registry.npmjs.org/@profiscience/knockout-contrib-utils-increment/-/knockout-contrib-utils-increment-1.0.1.tgz",
      "integrity": "sha1-M03yknKc/QgmFsU8tH5baEnN7hU="
    },
    "@profiscience/knockout-contrib-utils-modify": {
      "version": "1.0.1",
      "resolved": "https://registry.npmjs.org/@profiscience/knockout-contrib-utils-modify/-/knockout-contrib-utils-modify-1.0.1.tgz",
      "integrity": "sha1-EfetVBrjh6lMS530fffrXZ/ZDQo="
    },
    "@profiscience/knockout-contrib-utils-once": {
      "version": "1.0.1",
      "resolved": "https://registry.npmjs.org/@profiscience/knockout-contrib-utils-once/-/knockout-contrib-utils-once-1.0.1.tgz",
      "integrity": "sha1-6ZSk2tSGDN1ul5vOZ8c6O1fmRIQ="
    },
    "@profiscience/knockout-contrib-utils-toggle": {
      "version": "1.0.1",
      "resolved": "https://registry.npmjs.org/@profiscience/knockout-contrib-utils-toggle/-/knockout-contrib-utils-toggle-1.0.1.tgz",
      "integrity": "sha1-jTSIlYH1cIWqRMwjbrJNZ2BQA0Y="
    },
    "core-js": {
      "version": "2.5.7",
      "resolved": "https://registry.npmjs.org/core-js/-/core-js-2.5.7.tgz",
      "integrity": "sha512-RszJCAxg/PP6uzXVXL6BsxSXx/B05oJAQ2vkJRjyjrEcNVycaqOmNb5OTxZPE3xa5gwZduqza6L9JOCenh/Ecw=="
    },
    "date-fns": {
      "version": "2.0.0-alpha.16",
      "resolved": "https://registry.npmjs.org/date-fns/-/date-fns-2.0.0-alpha.16.tgz",
      "integrity": "sha1-0kmmybeZJSZS+54/JUYOr53oasc="
    },
    "path-to-regexp": {
      "version": "2.4.0",
      "resolved": "https://registry.npmjs.org/path-to-regexp/-/path-to-regexp-2.4.0.tgz",
      "integrity": "sha512-G6zHoVqC6GGTQkZwF4lkuEyMbVOjoBKAEybQUypI1WTkqinCOrq2x6U2+phkJ1XsEMTy4LjtwPI7HW+NVrRR2w=="
    },
    "tslib": {
      "version": "1.9.3",
      "resolved": "https://registry.npmjs.org/tslib/-/tslib-1.9.3.tgz",
      "integrity": "sha512-4krF8scpejhaOgqzBEcGM7yDIEfi0/8+8zDRZhNZZ2kjmHJ4hv3zCbQWxoJGz1iw5U0Jl0nma13xzHXcncMavQ=="
    }
  }
}
